
Microsoft Visual Studio Solution File, Format Version 12.00
# Visual Studio Version 17
VisualStudioVersion = 17.1.32421.90
MinimumVisualStudioVersion = 10.0.40219.1
Project("{2150E333-8FDC-42A3-9474-1A3956D46DE8}") = "src", "src", "{3EC761F1-6FA3-4F8C-AC1A-CB17F932B49E}"
EndProject
Project("{2150E333-8FDC-42A3-9474-1A3956D46DE8}") = "Core", "Core", "{C3E01471-6A0A-41FE-BCE0-06433F9F229E}"
EndProject
Project("{2150E333-8FDC-42A3-9474-1A3956D46DE8}") = "Infrastructure", "Infrastructure", "{2E5DDA3A-4B82-4883-839D-FDA5EF67435E}"
EndProject
Project("{2150E333-8FDC-42A3-9474-1A3956D46DE8}") = "UI", "UI", "{CAE33C90-53EB-4EFB-B523-7110FBF5DA99}"
EndProject
Project("{2150E333-8FDC-42A3-9474-1A3956D46DE8}") = "Projections", "Projections", "{D0ADC8F6-1926-4551-965A-AC2DEA7C7B3D}"
EndProject
Project("{9A19103F-16F7-4668-BE54-9A1E7A4F7556}") = "Interview.Application", "src\Core\Interview.Application\Interview.Application.csproj", "{171D37C7-F941-4CEC-BA67-6C0ECE6FDD7D}"
EndProject
Project("{9A19103F-16F7-4668-BE54-9A1E7A4F7556}") = "Interview.Domain", "src\Core\Interview.Domain\Interview.Domain.csproj", "{B49AD2EB-C06D-4F6D-B172-6247BF45E2CB}"
EndProject
Project("{9A19103F-16F7-4668-BE54-9A1E7A4F7556}") = "Interview.Infrastructure.Persistence", "src\Infrastructure\Interview.Infrastructure.Persistence\Interview.Infrastructure.Persistence.csproj", "{8940AADD-57C7-44DC-AAE2-F3B7EFA945CF}"
EndProject
Project("{FAE04EC0-301F-11D3-BF4B-00C04F79EFBC}") = "Interview.Projections.JobService", "src\Projections\Interview.Projections.JobService\Interview.Projections.JobService.csproj", "{896B0C51-44A3-4227-AA41-44F11BD98836}"
EndProject
Project("{FAE04EC0-301F-11D3-BF4B-00C04F79EFBC}") = "Interview.WebAPI", "src\UI\Interview.WebAPI\Interview.WebAPI.csproj", "{3065A84F-E7C2-4DF4-9EC4-8B734CE93DF0}"
EndProject
Project("{E53339B2-1760-4266-BCC7-CA923CBCF16C}") = "docker-compose", "docker-compose.dcproj", "{948ED60D-B337-4713-9BA7-87B3EFBEBF8A}"
EndProject
Global
	GlobalSection(SolutionConfigurationPlatforms) = preSolution
		Debug|Any CPU = Debug|Any CPU
		Release|Any CPU = Release|Any CPU
	EndGlobalSection
	GlobalSection(ProjectConfigurationPlatforms) = postSolution
		{171D37C7-F941-4CEC-BA67-6C0ECE6FDD7D}.Debug|Any CPU.ActiveCfg = Debug|Any CPU
		{171D37C7-F941-4CEC-BA67-6C0ECE6FDD7D}.Debug|Any CPU.Build.0 = Debug|Any CPU
		{171D37C7-F941-4CEC-BA67-6C0ECE6FDD7D}.Release|Any CPU.ActiveCfg = Release|Any CPU
		{171D37C7-F941-4CEC-BA67-6C0ECE6FDD7D}.Release|Any CPU.Build.0 = Release|Any CPU
		{B49AD2EB-C06D-4F6D-B172-6247BF45E2CB}.Debug|Any CPU.ActiveCfg = Debug|Any CPU
		{B49AD2EB-C06D-4F6D-B172-6247BF45E2CB}.Debug|Any CPU.Build.0 = Debug|Any CPU
		{B49AD2EB-C06D-4F6D-B172-6247BF45E2CB}.Release|Any CPU.ActiveCfg = Release|Any CPU
		{B49AD2EB-C06D-4F6D-B172-6247BF45E2CB}.Release|Any CPU.Build.0 = Release|Any CPU
		{8940AADD-57C7-44DC-AAE2-F3B7EFA945CF}.Debug|Any CPU.ActiveCfg = Debug|Any CPU
		{8940AADD-57C7-44DC-AAE2-F3B7EFA945CF}.Debug|Any CPU.Build.0 = Debug|Any CPU
		{8940AADD-57C7-44DC-AAE2-F3B7EFA945CF}.Release|Any CPU.ActiveCfg = Release|Any CPU
		{8940AADD-57C7-44DC-AAE2-F3B7EFA945CF}.Release|Any CPU.Build.0 = Release|Any CPU
		{896B0C51-44A3-4227-AA41-44F11BD98836}.Debug|Any CPU.ActiveCfg = Debug|Any CPU
		{896B0C51-44A3-4227-AA41-44F11BD98836}.Debug|Any CPU.Build.0 = Debug|Any CPU
		{896B0C51-44A3-4227-AA41-44F11BD98836}.Release|Any CPU.ActiveCfg = Release|Any CPU
		{896B0C51-44A3-4227-AA41-44F11BD98836}.Release|Any CPU.Build.0 = Release|Any CPU
		{3065A84F-E7C2-4DF4-9EC4-8B734CE93DF0}.Debug|Any CPU.ActiveCfg = Debug|Any CPU
		{3065A84F-E7C2-4DF4-9EC4-8B734CE93DF0}.Debug|Any CPU.Build.0 = Debug|Any CPU
		{3065A84F-E7C2-4DF4-9EC4-8B734CE93DF0}.Release|Any CPU.ActiveCfg = Release|Any CPU
		{3065A84F-E7C2-4DF4-9EC4-8B734CE93DF0}.Release|Any CPU.Build.0 = Release|Any CPU
		{948ED60D-B337-4713-9BA7-87B3EFBEBF8A}.Debug|Any CPU.ActiveCfg = Debug|Any CPU
		{948ED60D-B337-4713-9BA7-87B3EFBEBF8A}.Debug|Any CPU.Build.0 = Debug|Any CPU
		{948ED60D-B337-4713-9BA7-87B3EFBEBF8A}.Release|Any CPU.ActiveCfg = Release|Any CPU
		{948ED60D-B337-4713-9BA7-87B3EFBEBF8A}.Release|Any CPU.Build.0 = Release|Any CPU
	EndGlobalSection
	GlobalSection(SolutionProperties) = preSolution
		HideSolutionNode = FALSE
	EndGlobalSection
	GlobalSection(NestedProjects) = preSolution
		{C3E01471-6A0A-41FE-BCE0-06433F9F229E} = {3EC761F1-6FA3-4F8C-AC1A-CB17F932B49E}
		{2E5DDA3A-4B82-4883-839D-FDA5EF67435E} = {3EC761F1-6FA3-4F8C-AC1A-CB17F932B49E}
		{CAE33C90-53EB-4EFB-B523-7110FBF5DA99} = {3EC761F1-6FA3-4F8C-AC1A-CB17F932B49E}
		{D0ADC8F6-1926-4551-965A-AC2DEA7C7B3D} = {3EC761F1-6FA3-4F8C-AC1A-CB17F932B49E}
		{171D37C7-F941-4CEC-BA67-6C0ECE6FDD7D} = {C3E01471-6A0A-41FE-BCE0-06433F9F229E}
		{B49AD2EB-C06D-4F6D-B172-6247BF45E2CB} = {C3E01471-6A0A-41FE-BCE0-06433F9F229E}
		{8940AADD-57C7-44DC-AAE2-F3B7EFA945CF} = {2E5DDA3A-4B82-4883-839D-FDA5EF67435E}
		{896B0C51-44A3-4227-AA41-44F11BD98836} = {D0ADC8F6-1926-4551-965A-AC2DEA7C7B3D}
		{3065A84F-E7C2-4DF4-9EC4-8B734CE93DF0} = {CAE33C90-53EB-4EFB-B523-7110FBF5DA99}
	EndGlobalSection
	GlobalSection(ExtensibilityGlobals) = postSolution
		SolutionGuid = {DDD829C6-4AE5-4E7C-8843-55E7ACE394CE}
	EndGlobalSection
EndGlobal
